// !$*UTF8*$!
{
	archiveVersion = 1;
	classes = {
	};
	objectVersion = 46;
	objects = {

/* Begin PBXBuildFile section */
		7248115E1AEB52ED00F3C95F /* main.m in Sources */ = {isa = PBXBuildFile; fileRef = 7248115D1AEB52ED00F3C95F /* main.m */; };
		724811611AEB52ED00F3C95F /* AppDelegate.m in Sources */ = {isa = PBXBuildFile; fileRef = 724811601AEB52ED00F3C95F /* AppDelegate.m */; };
		724811641AEB52ED00F3C95F /* ViewController.m in Sources */ = {isa = PBXBuildFile; fileRef = 724811631AEB52ED00F3C95F /* ViewController.m */; };
		724811671AEB52ED00F3C95F /* Main.storyboard in Resources */ = {isa = PBXBuildFile; fileRef = 724811651AEB52ED00F3C95F /* Main.storyboard */; };
		724811691AEB52ED00F3C95F /* Images.xcassets in Resources */ = {isa = PBXBuildFile; fileRef = 724811681AEB52ED00F3C95F /* Images.xcassets */; };
		7248116C1AEB52ED00F3C95F /* LaunchScreen.xib in Resources */ = {isa = PBXBuildFile; fileRef = 7248116A1AEB52ED00F3C95F /* LaunchScreen.xib */; };
		724811781AEB52ED00F3C95F /* BarCartTests.m in Sources */ = {isa = PBXBuildFile; fileRef = 724811771AEB52ED00F3C95F /* BarCartTests.m */; };
		724811851AEB532C00F3C95F /* Drink.m in Sources */ = {isa = PBXBuildFile; fileRef = 724811821AEB532C00F3C95F /* Drink.m */; };
		724811861AEB532C00F3C95F /* Recipe.m in Sources */ = {isa = PBXBuildFile; fileRef = 724811841AEB532C00F3C95F /* Recipe.m */; };
/* End PBXBuildFile section */

/* Begin PBXContainerItemProxy section */
		724811721AEB52ED00F3C95F /* PBXContainerItemProxy */ = {
			isa = PBXContainerItemProxy;
			containerPortal = 724811501AEB52ED00F3C95F /* Project object */;
			proxyType = 1;
			remoteGlobalIDString = 724811571AEB52ED00F3C95F;
			remoteInfo = BarCart;
		};
/* End PBXContainerItemProxy section */

/* Begin PBXFileReference section */
		724811581AEB52ED00F3C95F /* BarCart.app */ = {isa = PBXFileReference; explicitFileType = wrapper.application; includeInIndex = 0; path = BarCart.app; sourceTree = BUILT_PRODUCTS_DIR; };
		7248115C1AEB52ED00F3C95F /* Info.plist */ = {isa = PBXFileReference; lastKnownFileType = text.plist.xml; path = Info.plist; sourceTree = "<group>"; };
		7248115D1AEB52ED00F3C95F /* main.m */ = {isa = PBXFileReference; lastKnownFileType = sourcecode.c.objc; path = main.m; sourceTree = "<group>"; };
		7248115F1AEB52ED00F3C95F /* AppDelegate.h */ = {isa = PBXFileReference; lastKnownFileType = sourcecode.c.h; path = AppDelegate.h; sourceTree = "<group>"; };
		724811601AEB52ED00F3C95F /* AppDelegate.m */ = {isa = PBXFileReference; lastKnownFileType = sourcecode.c.objc; path = AppDelegate.m; sourceTree = "<group>"; };
		724811621AEB52ED00F3C95F /* ViewController.h */ = {isa = PBXFileReference; lastKnownFileType = sourcecode.c.h; path = ViewController.h; sourceTree = "<group>"; };
		724811631AEB52ED00F3C95F /* ViewController.m */ = {isa = PBXFileReference; lastKnownFileType = sourcecode.c.objc; path = ViewController.m; sourceTree = "<group>"; };
		724811661AEB52ED00F3C95F /* Base */ = {isa = PBXFileReference; lastKnownFileType = file.storyboard; name = Base; path = Base.lproj/Main.storyboard; sourceTree = "<group>"; };
		724811681AEB52ED00F3C95F /* Images.xcassets */ = {isa = PBXFileReference; lastKnownFileType = folder.assetcatalog; path = Images.xcassets; sourceTree = "<group>"; };
		7248116B1AEB52ED00F3C95F /* Base */ = {isa = PBXFileReference; lastKnownFileType = file.xib; name = Base; path = Base.lproj/LaunchScreen.xib; sourceTree = "<group>"; };
		724811711AEB52ED00F3C95F /* BarCartTests.xctest */ = {isa = PBXFileReference; explicitFileType = wrapper.cfbundle; includeInIndex = 0; path = BarCartTests.xctest; sourceTree = BUILT_PRODUCTS_DIR; };
		724811761AEB52ED00F3C95F /* Info.plist */ = {isa = PBXFileReference; lastKnownFileType = text.plist.xml; path = Info.plist; sourceTree = "<group>"; };
		724811771AEB52ED00F3C95F /* BarCartTests.m */ = {isa = PBXFileReference; lastKnownFileType = sourcecode.c.objc; path = BarCartTests.m; sourceTree = "<group>"; };
		724811811AEB532C00F3C95F /* Drink.h */ = {isa = PBXFileReference; fileEncoding = 4; lastKnownFileType = sourcecode.c.h; path = Drink.h; sourceTree = "<group>"; };
		724811821AEB532C00F3C95F /* Drink.m */ = {isa = PBXFileReference; fileEncoding = 4; lastKnownFileType = sourcecode.c.objc; path = Drink.m; sourceTree = "<group>"; };
		724811831AEB532C00F3C95F /* Recipe.h */ = {isa = PBXFileReference; fileEncoding = 4; lastKnownFileType = sourcecode.c.h; path = Recipe.h; sourceTree = "<group>"; };
		724811841AEB532C00F3C95F /* Recipe.m */ = {isa = PBXFileReference; fileEncoding = 4; lastKnownFileType = sourcecode.c.objc; path = Recipe.m; sourceTree = "<group>"; };
/* End PBXFileReference section */

/* Begin PBXFrameworksBuildPhase section */
		724811551AEB52ED00F3C95F /* Frameworks */ = {
			isa = PBXFrameworksBuildPhase;
			buildActionMask = 2147483647;
			files = (
			);
			runOnlyForDeploymentPostprocessing = 0;
		};
		7248116E1AEB52ED00F3C95F /* Frameworks */ = {
			isa = PBXFrameworksBuildPhase;
			buildActionMask = 2147483647;
			files = (
			);
			runOnlyForDeploymentPostprocessing = 0;
		};
/* End PBXFrameworksBuildPhase section */

/* Begin PBXGroup section */
		7248114F1AEB52ED00F3C95F = {
			isa = PBXGroup;
			children = (
				7248115A1AEB52ED00F3C95F /* BarCart */,
				724811741AEB52ED00F3C95F /* BarCartTests */,
				724811591AEB52ED00F3C95F /* Products */,
			);
			sourceTree = "<group>";
		};
		724811591AEB52ED00F3C95F /* Products */ = {
			isa = PBXGroup;
			children = (
				724811581AEB52ED00F3C95F /* BarCart.app */,
				724811711AEB52ED00F3C95F /* BarCartTests.xctest */,
			);
			name = Products;
			sourceTree = "<group>";
		};
		7248115A1AEB52ED00F3C95F /* BarCart */ = {
			isa = PBXGroup;
			children = (
				724811811AEB532C00F3C95F /* Drink.h */,
				724811821AEB532C00F3C95F /* Drink.m */,
				724811831AEB532C00F3C95F /* Recipe.h */,
				724811841AEB532C00F3C95F /* Recipe.m */,
				7248115F1AEB52ED00F3C95F /* AppDelegate.h */,
				724811601AEB52ED00F3C95F /* AppDelegate.m */,
				724811621AEB52ED00F3C95F /* ViewController.h */,
				724811631AEB52ED00F3C95F /* ViewController.m */,
				724811651AEB52ED00F3C95F /* Main.storyboard */,
				724811681AEB52ED00F3C95F /* Images.xcassets */,
				7248116A1AEB52ED00F3C95F /* LaunchScreen.xib */,
				7248115B1AEB52ED00F3C95F /* Supporting Files */,
			);
			path = BarCart;
			sourceTree = "<group>";
		};
		7248115B1AEB52ED00F3C95F /* Supporting Files */ = {
			isa = PBXGroup;
			children = (
				7248115C1AEB52ED00F3C95F /* Info.plist */,
				7248115D1AEB52ED00F3C95F /* main.m */,
			);
			name = "Supporting Files";
			sourceTree = "<group>";
		};
		724811741AEB52ED00F3C95F /* BarCartTests */ = {
			isa = PBXGroup;
			children = (
				724811771AEB52ED00F3C95F /* BarCartTests.m */,
				724811751AEB52ED00F3C95F /* Supporting Files */,
			);
			path = BarCartTests;
			sourceTree = "<group>";
		};
		724811751AEB52ED00F3C95F /* Supporting Files */ = {
			isa = PBXGroup;
			children = (
				724811761AEB52ED00F3C95F /* Info.plist */,
			);
			name = "Supporting Files";
			sourceTree = "<group>";
		};
/* End PBXGroup section */

/* Begin PBXNativeTarget section */
		724811571AEB52ED00F3C95F /* BarCart */ = {
			isa = PBXNativeTarget;
			buildConfigurationList = 7248117B1AEB52ED00F3C95F /* Build configuration list for PBXNativeTarget "BarCart" */;
			buildPhases = (
				724811541AEB52ED00F3C95F /* Sources */,
				724811551AEB52ED00F3C95F /* Frameworks */,
				724811561AEB52ED00F3C95F /* Resources */,
			);
			buildRules = (
			);
			dependencies = (
			);
			name = BarCart;
			productName = BarCart;
			productReference = 724811581AEB52ED00F3C95F /* BarCart.app */;
			productType = "com.apple.product-type.application";
		};
		724811701AEB52ED00F3C95F /* BarCartTests */ = {
			isa = PBXNativeTarget;
			buildConfigurationList = 7248117E1AEB52ED00F3C95F /* Build configuration list for PBXNativeTarget "BarCartTests" */;
			buildPhases = (
				7248116D1AEB52ED00F3C95F /* Sources */,
				7248116E1AEB52ED00F3C95F /* Frameworks */,
				7248116F1AEB52ED00F3C95F /* Resources */,
			);
			buildRules = (
			);
			dependencies = (
				724811731AEB52ED00F3C95F /* PBXTargetDependency */,
			);
			name = BarCartTests;
			productName = BarCartTests;
			productReference = 724811711AEB52ED00F3C95F /* BarCartTests.xctest */;
			productType = "com.apple.product-type.bundle.unit-test";
		};
/* End PBXNativeTarget section */

/* Begin PBXProject section */
		724811501AEB52ED00F3C95F /* Project object */ = {
			isa = PBXProject;
			attributes = {
				LastUpgradeCheck = 0630;
				ORGANIZATIONNAME = "John Chen & Ellen Halpin";
				TargetAttributes = {
					724811571AEB52ED00F3C95F = {
						CreatedOnToolsVersion = 6.3;
					};
					724811701AEB52ED00F3C95F = {
						CreatedOnToolsVersion = 6.3;
						TestTargetID = 724811571AEB52ED00F3C95F;
					};
				};
			};
			buildConfigurationList = 724811531AEB52ED00F3C95F /* Build configuration list for PBXProject "BarCart" */;
			compatibilityVersion = "Xcode 3.2";
			developmentRegion = English;
			hasScannedForEncodings = 0;
			knownRegions = (
				en,
				Base,
			);
			mainGroup = 7248114F1AEB52ED00F3C95F;
			productRefGroup = 724811591AEB52ED00F3C95F /* Products */;
			projectDirPath = "";
			projectRoot = "";
			targets = (
				724811571AEB52ED00F3C95F /* BarCart */,
				724811701AEB52ED00F3C95F /* BarCartTests */,
			);
		};
/* End PBXProject section */

/* Begin PBXResourcesBuildPhase section */
		724811561AEB52ED00F3C95F /* Resources */ = {
			isa = PBXResourcesBuildPhase;
			buildActionMask = 2147483647;
			files = (
				724811671AEB52ED00F3C95F /* Main.storyboard in Resources */,
				7248116C1AEB52ED00F3C95F /* LaunchScreen.xib in Resources */,
				724811691AEB52ED00F3C95F /* Images.xcassets in Resources */,
			);
			runOnlyForDeploymentPostprocessing = 0;
		};
		7248116F1AEB52ED00F3C95F /* Resources */ = {
			isa = PBXResourcesBuildPhase;
			buildActionMask = 2147483647;
			files = (
			);
			runOnlyForDeploymentPostprocessing = 0;
		};
/* End PBXResourcesBuildPhase section */

/* Begin PBXSourcesBuildPhase section */
		724811541AEB52ED00F3C95F /* Sources */ = {
			isa = PBXSourcesBuildPhase;
			buildActionMask = 2147483647;
			files = (
				724811641AEB52ED00F3C95F /* ViewController.m in Sources */,
				724811861AEB532C00F3C95F /* Recipe.m in Sources */,
				724811611AEB52ED00F3C95F /* AppDelegate.m in Sources */,
				724811851AEB532C00F3C95F /* Drink.m in Sources */,
				7248115E1AEB52ED00F3C95F /* main.m in Sources */,
			);
			runOnlyForDeploymentPostprocessing = 0;
		};
		7248116D1AEB52ED00F3C95F /* Sources */ = {
			isa = PBXSourcesBuildPhase;
			buildActionMask = 2147483647;
			files = (
				724811781AEB52ED00F3C95F /* BarCartTests.m in Sources */,
			);
			runOnlyForDeploymentPostprocessing = 0;
		};
/* End PBXSourcesBuildPhase section */

/* Begin PBXTargetDependency section */
		724811731AEB52ED00F3C95F /* PBXTargetDependency */ = {
			isa = PBXTargetDependency;
			target = 724811571AEB52ED00F3C95F /* BarCart */;
			targetProxy = 724811721AEB52ED00F3C95F /* PBXContainerItemProxy */;
		};
/* End PBXTargetDependency section */

/* Begin PBXVariantGroup section */
		724811651AEB52ED00F3C95F /* Main.storyboard */ = {
			isa = PBXVariantGroup;
			children = (
				724811661AEB52ED00F3C95F /* Base */,
			);
			name = Main.storyboard;
			sourceTree = "<group>";
		};
		7248116A1AEB52ED00F3C95F /* LaunchScreen.xib */ = {
			isa = PBXVariantGroup;
			children = (
				7248116B1AEB52ED00F3C95F /* Base */,
			);
			name = LaunchScreen.xib;
			sourceTree = "<group>";
		};
/* End PBXVariantGroup section */

/* Begin XCBuildConfiguration section */
		724811791AEB52ED00F3C95F /* Debug */ = {
			isa = XCBuildConfiguration;
			buildSettings = {
				ALWAYS_SEARCH_USER_PATHS = NO;
				CLANG_CXX_LANGUAGE_STANDARD = "gnu++0x";
				CLANG_CXX_LIBRARY = "libc++";
				CLANG_ENABLE_MODULES = YES;
				CLANG_ENABLE_OBJC_ARC = YES;
				CLANG_WARN_BOOL_CONVERSION = YES;
				CLANG_WARN_CONSTANT_CONVERSION = YES;
				CLANG_WARN_DIRECT_OBJC_ISA_USAGE = YES_ERROR;
				CLANG_WARN_EMPTY_BODY = YES;
				CLANG_WARN_ENUM_CONVERSION = YES;
				CLANG_WARN_INT_CONVERSION = YES;
				CLANG_WARN_OBJC_ROOT_CLASS = YES_ERROR;
				CLANG_WARN_UNREACHABLE_CODE = YES;
				CLANG_WARN__DUPLICATE_METHOD_MATCH = YES;
				"CODE_SIGN_IDENTITY[sdk=iphoneos*]" = "iPhone Developer";
				COPY_PHASE_STRIP = NO;
				DEBUG_INFORMATION_FORMAT = "dwarf-with-dsym";
				ENABLE_STRICT_OBJC_MSGSEND = YES;
				GCC_C_LANGUAGE_STANDARD = gnu99;
				GCC_DYNAMIC_NO_PIC = NO;
				GCC_NO_COMMON_BLOCKS = YES;
				GCC_OPTIMIZATION_LEVEL = 0;
				GCC_PREPROCESSOR_DEFINITIONS = (
					"DEBUG=1",
					"$(inherited)",
				);
				GCC_SYMBOLS_PRIVATE_EXTERN = NO;
				GCC_WARN_64_TO_32_BIT_CONVERSION = YES;
				GCC_WARN_ABOUT_RETURN_TYPE = YES_ERROR;
				GCC_WARN_UNDECLARED_SELECTOR = YES;
				GCC_WARN_UNINITIALIZED_AUTOS = YES_AGGRESSIVE;
				GCC_WARN_UNUSED_FUNCTION = YES;
				GCC_WARN_UNUSED_VARIABLE = YES;
				IPHONEOS_DEPLOYMENT_TARGET = 8.3;
				MTL_ENABLE_DEBUG_INFO = YES;
				ONLY_ACTIVE_ARCH = YES;
				SDKROOT = iphoneos;
				TARGETED_DEVICE_FAMILY = "1,2";
			};
			name = Debug;
		};
		7248117A1AEB52ED00F3C95F /* Release */ = {
			isa = XCBuildConfiguration;
			buildSettings = {
				ALWAYS_SEARCH_USER_PATHS = NO;
				CLANG_CXX_LANGUAGE_STANDARD = "gnu++0x";
				CLANG_CXX_LIBRARY = "libc++";
				CLANG_ENABLE_MODULES = YES;
				CLANG_ENABLE_OBJC_ARC = YES;
				CLANG_WARN_BOOL_CONVERSION = YES;
				CLANG_WARN_CONSTANT_CONVERSION = YES;
				CLANG_WARN_DIRECT_OBJC_ISA_USAGE = YES_ERROR;
				CLANG_WARN_EMPTY_BODY = YES;
				CLANG_WARN_ENUM_CONVERSION = YES;
				CLANG_WARN_INT_CONVERSION = YES;
				CLANG_WARN_OBJC_ROOT_CLASS = YES_ERROR;
				CLANG_WARN_UNREACHABLE_CODE = YES;
				CLANG_WARN__DUPLICATE_METHOD_MATCH = YES;
				"CODE_SIGN_IDENTITY[sdk=iphoneos*]" = "iPhone Developer";
				COPY_PHASE_STRIP = NO;
				DEBUG_INFORMATION_FORMAT = "dwarf-with-dsym";
				ENABLE_NS_ASSERTIONS = NO;
				ENABLE_STRICT_OBJC_MSGSEND = YES;
				GCC_C_LANGUAGE_STANDARD = gnu99;
				GCC_NO_COMMON_BLOCKS = YES;
				GCC_WARN_64_TO_32_BIT_CONVERSION = YES;
				GCC_WARN_ABOUT_RETURN_TYPE = YES_ERROR;
				GCC_WARN_UNDECLARED_SELECTOR = YES;
				GCC_WARN_UNINITIALIZED_AUTOS = YES_AGGRESSIVE;
				GCC_WARN_UNUSED_FUNCTION = YES;
				GCC_WARN_UNUSED_VARIABLE = YES;
				IPHONEOS_DEPLOYMENT_TARGET = 8.3;
				MTL_ENABLE_DEBUG_INFO = NO;
				SDKROOT = iphoneos;
				TARGETED_DEVICE_FAMILY = "1,2";
				VALIDATE_PRODUCT = YES;
			};
			name = Release;
		};
		7248117C1AEB52ED00F3C95F /* Debug */ = {
			isa = XCBuildConfiguration;
			buildSettings = {
				ASSETCATALOG_COMPILER_APPICON_NAME = AppIcon;
				INFOPLIST_FILE = BarCart/Info.plist;
				LD_RUNPATH_SEARCH_PATHS = "$(inherited) @executable_path/Frameworks";
				PRODUCT_NAME = "$(TARGET_NAME)";
			};
			name = Debug;
		};
		7248117D1AEB52ED00F3C95F /* Release */ = {
			isa = XCBuildConfiguration;
			buildSettings = {
				ASSETCATALOG_COMPILER_APPICON_NAME = AppIcon;
				INFOPLIST_FILE = BarCart/Info.plist;
				LD_RUNPATH_SEARCH_PATHS = "$(inherited) @executable_path/Frameworks";
				PRODUCT_NAME = "$(TARGET_NAME)";
			};
			name = Release;
		};
		7248117F1AEB52ED00F3C95F /* Debug */ = {
			isa = XCBuildConfiguration;
			buildSettings = {
				BUNDLE_LOADER = "$(TEST_HOST)";
				FRAMEWORK_SEARCH_PATHS = (
					"$(SDKROOT)/Developer/Library/Frameworks",
					"$(inherited)",
				);
				GCC_PREPROCESSOR_DEFINITIONS = (
					"DEBUG=1",
					"$(inherited)",
				);
				INFOPLIST_FILE = BarCartTests/Info.plist;
				LD_RUNPATH_SEARCH_PATHS = "$(inherited) @executable_path/Frameworks @loader_path/Frameworks";
				PRODUCT_NAME = "$(TARGET_NAME)";
				TEST_HOST = "$(BUILT_PRODUCTS_DIR)/BarCart.app/BarCart";
			};
			name = Debug;
		};
		724811801AEB52ED00F3C95F /* Release */ = {
			isa = XCBuildConfiguration;
			buildSettings = {
				BUNDLE_LOADER = "$(TEST_HOST)";
				FRAMEWORK_SEARCH_PATHS = (
					"$(SDKROOT)/Developer/Library/Frameworks",
					"$(inherited)",
				);
				INFOPLIST_FILE = BarCartTests/Info.plist;
				LD_RUNPATH_SEARCH_PATHS = "$(inherited) @executable_path/Frameworks @loader_path/Frameworks";
				PRODUCT_NAME = "$(TARGET_NAME)";
				TEST_HOST = "$(BUILT_PRODUCTS_DIR)/BarCart.app/BarCart";
			};
			name = Release;
		};
/* End XCBuildConfiguration section */

/* Begin XCConfigurationList section */
		724811531AEB52ED00F3C95F /* Build configuration list for PBXProject "BarCart" */ = {
			isa = XCConfigurationList;
			buildConfigurations = (
				724811791AEB52ED00F3C95F /* Debug */,
				7248117A1AEB52ED00F3C95F /* Release */,
			);
			defaultConfigurationIsVisible = 0;
			defaultConfigurationName = Release;
		};
		7248117B1AEB52ED00F3C95F /* Build configuration list for PBXNativeTarget "BarCart" */ = {
			isa = XCConfigurationList;
			buildConfigurations = (
				7248117C1AEB52ED00F3C95F /* Debug */,
				7248117D1AEB52ED00F3C95F /* Release */,
			);
			defaultConfigurationIsVisible = 0;
		};
		7248117E1AEB52ED00F3C95F /* Build configuration list for PBXNativeTarget "BarCartTests" */ = {
			isa = XCConfigurationList;
			buildConfigurations = (
				7248117F1AEB52ED00F3C95F /* Debug */,
				724811801AEB52ED00F3C95F /* Release */,
			);
			defaultConfigurationIsVisible = 0;
		};
/* End XCConfigurationList section */
	};
	rootObject = 724811501AEB52ED00F3C95F /* Project object */;
}
